
Microsoft Visual Studio Solution File, Format Version 12.00
# Visual Studio 15
VisualStudioVersion = 15.0.28307.168
MinimumVisualStudioVersion = 10.0.40219.1
Project("{FAE04EC0-301F-11D3-BF4B-00C04F79EFBC}") = "SalesTaxes", "SalesTaxes\SalesTaxes.csproj", "{09E7FC99-740B-4068-A226-531CF42D5868}"
EndProject
Project("{FAE04EC0-301F-11D3-BF4B-00C04F79EFBC}") = "SalesTaxesTests", "SalesTaxesTests\SalesTaxesTests.csproj", "{D3563A35-D9A1-474C-92DC-CE73C6DD69A7}"
EndProject
Global
	GlobalSection(SolutionConfigurationPlatforms) = preSolution
		Debug|Any CPU = Debug|Any CPU
		Release|Any CPU = Release|Any CPU
	EndGlobalSection
	GlobalSection(ProjectConfigurationPlatforms) = postSolution
		{09E7FC99-740B-4068-A226-531CF42D5868}.Debug|Any CPU.ActiveCfg = Debug|Any CPU
		{09E7FC99-740B-4068-A226-531CF42D5868}.Debug|Any CPU.Build.0 = Debug|Any CPU
		{09E7FC99-740B-4068-A226-531CF42D5868}.Release|Any CPU.ActiveCfg = Release|Any CPU
		{09E7FC99-740B-4068-A226-531CF42D5868}.Release|Any CPU.Build.0 = Release|Any CPU
		{D3563A35-D9A1-474C-92DC-CE73C6DD69A7}.Debug|Any CPU.ActiveCfg = Debug|Any CPU
		{D3563A35-D9A1-474C-92DC-CE73C6DD69A7}.Debug|Any CPU.Build.0 = Debug|Any CPU
		{D3563A35-D9A1-474C-92DC-CE73C6DD69A7}.Release|Any CPU.ActiveCfg = Release|Any CPU
		{D3563A35-D9A1-474C-92DC-CE73C6DD69A7}.Release|Any CPU.Build.0 = Release|Any CPU
	EndGlobalSection
	GlobalSection(SolutionProperties) = preSolution
		HideSolutionNode = FALSE
	EndGlobalSection
	GlobalSection(ExtensibilityGlobals) = postSolution
		SolutionGuid = {0FA9257D-F6F6-4A05-847A-A7ED71A31D58}
	EndGlobalSection
EndGlobal
